
Microsoft Visual Studio Solution File, Format Version 12.00
# Visual Studio Version 17
VisualStudioVersion = 17.11.35312.102
MinimumVisualStudioVersion = 10.0.40219.1
Project("{FAE04EC0-301F-11D3-BF4B-00C04F79EFBC}") = "Software Engineering", "Software Engineering\Software Engineering.csproj", "{075BFC51-B9D7-490A-B7D9-E2F9762B40A0}"
EndProject
Project("{FAE04EC0-301F-11D3-BF4B-00C04F79EFBC}") = "TestProject", "TestProject\TestProject.csproj", "{FD992300-C36C-4B57-B69A-53CBE0FDEBF1}"
EndProject
Global
	GlobalSection(SolutionConfigurationPlatforms) = preSolution
		Debug|Any CPU = Debug|Any CPU
		Release|Any CPU = Release|Any CPU
	EndGlobalSection
	GlobalSection(ProjectConfigurationPlatforms) = postSolution
		{075BFC51-B9D7-490A-B7D9-E2F9762B40A0}.Debug|Any CPU.ActiveCfg = Debug|Any CPU
		{075BFC51-B9D7-490A-B7D9-E2F9762B40A0}.Debug|Any CPU.Build.0 = Debug|Any CPU
		{075BFC51-B9D7-490A-B7D9-E2F9762B40A0}.Release|Any CPU.ActiveCfg = Release|Any CPU
		{075BFC51-B9D7-490A-B7D9-E2F9762B40A0}.Release|Any CPU.Build.0 = Release|Any CPU
		{FD992300-C36C-4B57-B69A-53CBE0FDEBF1}.Debug|Any CPU.ActiveCfg = Debug|Any CPU
		{FD992300-C36C-4B57-B69A-53CBE0FDEBF1}.Debug|Any CPU.Build.0 = Debug|Any CPU
		{FD992300-C36C-4B57-B69A-53CBE0FDEBF1}.Release|Any CPU.ActiveCfg = Release|Any CPU
		{FD992300-C36C-4B57-B69A-53CBE0FDEBF1}.Release|Any CPU.Build.0 = Release|Any CPU
	EndGlobalSection
	GlobalSection(SolutionProperties) = preSolution
		HideSolutionNode = FALSE
	EndGlobalSection
	GlobalSection(ExtensibilityGlobals) = postSolution
		SolutionGuid = {5A0462E3-EAFC-4B8E-80C1-DDB3869D0FE4}
	EndGlobalSection
EndGlobal
